
Microsoft Visual Studio Solution File, Format Version 12.00
# Visual Studio Version 17
VisualStudioVersion = 17.0.31903.59
MinimumVisualStudioVersion = 10.0.40219.1
Project("{FAE04EC0-301F-11D3-BF4B-00C04F79EFBC}") = "AdventOfCode.Console", "AdventOfCode.Console\AdventOfCode.Console.csproj", "{ACB3B48A-5C87-4DD1-8E0B-85EBDFBFE580}"
EndProject
Global
	GlobalSection(SolutionConfigurationPlatforms) = preSolution
		Debug|Any CPU = Debug|Any CPU
		Release|Any CPU = Release|Any CPU
	EndGlobalSection
	GlobalSection(ProjectConfigurationPlatforms) = postSolution
		{ACB3B48A-5C87-4DD1-8E0B-85EBDFBFE580}.Debug|Any CPU.ActiveCfg = Debug|Any CPU
		{ACB3B48A-5C87-4DD1-8E0B-85EBDFBFE580}.Debug|Any CPU.Build.0 = Debug|Any CPU
		{ACB3B48A-5C87-4DD1-8E0B-85EBDFBFE580}.Release|Any CPU.ActiveCfg = Release|Any CPU
		{ACB3B48A-5C87-4DD1-8E0B-85EBDFBFE580}.Release|Any CPU.Build.0 = Release|Any CPU
	EndGlobalSection
	GlobalSection(SolutionProperties) = preSolution
		HideSolutionNode = FALSE
	EndGlobalSection
	GlobalSection(ExtensibilityGlobals) = postSolution
		SolutionGuid = {792A3792-30F3-4C46-9FB4-3AB6AF252887}
	EndGlobalSection
EndGlobal
